{
    "_readme": [
        "This file locks the dependencies of your project to a known state",
        "Read more about it at http://getcomposer.org/doc/01-basic-usage.md#composer-lock-the-lock-file"
    ],
    "hash": "11691a22090021b370601efea43725f8",
    "packages": [
        {
            "name": "zendframework/zend-code",
            "version": "2.2.5",
            "target-dir": "Zend/Code",
            "source": {
                "type": "git",
                "url": "https://github.com/zendframework/Component_ZendCode.git",
                "reference": "93aa1d45effaef200f1e413e131dd672222905cf"
            },
            "dist": {
                "type": "zip",
                "url": "https://api.github.com/repos/zendframework/Component_ZendCode/zipball/93aa1d45effaef200f1e413e131dd672222905cf",
                "reference": "93aa1d45effaef200f1e413e131dd672222905cf",
                "shasum": ""
            },
            "require": {
                "php": ">=5.3.3",
                "zendframework/zend-eventmanager": "self.version"
            },
            "require-dev": {
                "doctrine/common": ">=2.1"
            },
            "suggest": {
                "doctrine/common": "Doctrine\\Common >=2.1 for annotation features"
            },
            "type": "library",
            "extra": {
                "branch-alias": {
                    "dev-master": "2.2-dev",
                    "dev-develop": "2.3-dev"
                }
            },
            "autoload": {
                "psr-0": {
                    "Zend\\Code\\": ""
                }
            },
            "notification-url": "https://packagist.org/downloads/",
            "license": [
                "BSD-3-Clause"
            ],
            "description": "provides facilities to generate arbitrary code using an object oriented interface",
            "keywords": [
                "code",
                "zf2"
            ],
            "time": "2013-10-23 17:00:16"
        },
        {
            "name": "zendframework/zend-console",
            "version": "2.2.5",
            "target-dir": "Zend/Console",
            "source": {
                "type": "git",
                "url": "https://github.com/zendframework/Component_ZendConsole.git",
                "reference": "91152066dc6bcb104d93dd4ed2ddf0dacc6342f7"
            },
            "dist": {
                "type": "zip",
                "url": "https://api.github.com/repos/zendframework/Component_ZendConsole/zipball/91152066dc6bcb104d93dd4ed2ddf0dacc6342f7",
                "reference": "91152066dc6bcb104d93dd4ed2ddf0dacc6342f7",
                "shasum": ""
            },
            "require": {
                "php": ">=5.3.3",
                "zendframework/zend-stdlib": "self.version"
            },
            "type": "library",
            "extra": {
                "branch-alias": {
                    "dev-master": "2.2-dev",
                    "dev-develop": "2.3-dev"
                }
            },
            "autoload": {
                "psr-0": {
                    "Zend\\Console\\": ""
                }
            },
            "notification-url": "https://packagist.org/downloads/",
            "license": [
                "BSD-3-Clause"
            ],
            "keywords": [
                "console",
                "zf2"
            ],
            "time": "2013-06-12 19:45:26"
        },
        {
            "name": "zendframework/zend-eventmanager",
            "version": "2.2.5",
            "target-dir": "Zend/EventManager",
            "source": {
                "type": "git",
                "url": "https://github.com/zendframework/Component_ZendEventManager.git",
                "reference": "f325feef4e1a19b873936e5b116980fbe88dd176"
            },
            "dist": {
                "type": "zip",
                "url": "https://api.github.com/repos/zendframework/Component_ZendEventManager/zipball/f325feef4e1a19b873936e5b116980fbe88dd176",
                "reference": "f325feef4e1a19b873936e5b116980fbe88dd176",
                "shasum": ""
            },
            "require": {
                "php": ">=5.3.3",
                "zendframework/zend-stdlib": "self.version"
            },
            "type": "library",
            "extra": {
                "branch-alias": {
                    "dev-master": "2.2-dev",
                    "dev-develop": "2.3-dev"
                }
            },
            "autoload": {
                "psr-0": {
                    "Zend\\EventManager\\": ""
                }
            },
            "notification-url": "https://packagist.org/downloads/",
            "license": [
                "BSD-3-Clause"
            ],
            "keywords": [
                "eventmanager",
                "zf2"
            ],
            "time": "2013-06-12 19:45:10"
        },
        {
            "name": "zendframework/zend-modulemanager",
            "version": "2.2.5",
            "target-dir": "Zend/ModuleManager",
            "source": {
                "type": "git",
                "url": "https://github.com/zendframework/Component_ZendModuleManager.git",
                "reference": "f105e8ff308345221921d30cc8be257cb032a5d2"
            },
            "dist": {
                "type": "zip",
                "url": "https://api.github.com/repos/zendframework/Component_ZendModuleManager/zipball/f105e8ff308345221921d30cc8be257cb032a5d2",
                "reference": "f105e8ff308345221921d30cc8be257cb032a5d2",
                "shasum": ""
            },
            "require": {
                "php": ">=5.3.3",
                "zendframework/zend-eventmanager": "self.version",
                "zendframework/zend-stdlib": "self.version"
            },
            "suggest": {
                "zendframework/zend-config": "Zend\\Config component",
                "zendframework/zend-loader": "Zend\\Loader component",
                "zendframework/zend-servicemanager": "Zend\\ServiceManager component"
            },
            "type": "library",
            "extra": {
                "branch-alias": {
                    "dev-master": "2.2-dev",
                    "dev-develop": "2.3-dev"
                }
            },
            "autoload": {
                "psr-0": {
                    "Zend\\ModuleManager\\": ""
                }
            },
            "notification-url": "https://packagist.org/downloads/",
            "license": [
                "BSD-3-Clause"
            ],
            "keywords": [
                "modulemanager",
                "zf2"
            ],
            "time": "2013-08-21 17:08:22"
        },
        {
            "name": "zendframework/zend-mvc",
            "version": "2.2.5",
            "target-dir": "Zend/Mvc",
            "source": {
                "type": "git",
                "url": "https://github.com/zendframework/Component_ZendMvc.git",
                "reference": "31f63a071486794d94b39d96064444362f0a76b9"
            },
            "dist": {
                "type": "zip",
                "url": "https://api.github.com/repos/zendframework/Component_ZendMvc/zipball/31f63a071486794d94b39d96064444362f0a76b9",
                "reference": "31f63a071486794d94b39d96064444362f0a76b9",
                "shasum": ""
            },
            "require": {
                "php": ">=5.3.3",
                "zendframework/zend-eventmanager": "self.version",
                "zendframework/zend-servicemanager": "self.version",
                "zendframework/zend-stdlib": "self.version"
            },
            "suggest": {
                "zendframework/zend-authentication": "Zend\\Authentication component for Identity plugin",
                "zendframework/zend-config": "Zend\\Config component",
                "zendframework/zend-console": "Zend\\Console component",
                "zendframework/zend-di": "Zend\\Di component",
                "zendframework/zend-filter": "Zend\\Filter component",
                "zendframework/zend-form": "Zend\\Form component",
                "zendframework/zend-http": "Zend\\Http component",
                "zendframework/zend-i18n": "Zend\\I18n component for translatable segments",
                "zendframework/zend-inputfilter": "Zend\\Inputfilter component",
                "zendframework/zend-modulemanager": "Zend\\ModuleManager component",
                "zendframework/zend-serializer": "Zend\\Serializer component",
                "zendframework/zend-session": "Zend\\Session component for FlashMessenger, PRG, and FPRG plugins",
                "zendframework/zend-stdlib": "Zend\\Stdlib component",
                "zendframework/zend-text": "Zend\\Text component",
                "zendframework/zend-uri": "Zend\\Uri component",
                "zendframework/zend-validator": "Zend\\Validator component",
                "zendframework/zend-view": "Zend\\View component"
            },
            "type": "library",
            "extra": {
                "branch-alias": {
                    "dev-master": "2.2-dev",
                    "dev-develop": "2.3-dev"
                }
            },
            "autoload": {
                "psr-0": {
                    "Zend\\Mvc\\": ""
                }
            },
            "notification-url": "https://packagist.org/downloads/",
            "license": [
                "BSD-3-Clause"
            ],
            "keywords": [
                "mvc",
                "zf2"
            ],
            "time": "2013-10-30 19:00:06"
        },
        {
            "name": "zendframework/zend-servicemanager",
            "version": "2.2.5",
            "target-dir": "Zend/ServiceManager",
            "source": {
                "type": "git",
                "url": "https://github.com/zendframework/Component_ZendServiceManager.git",
                "reference": "064bb1d0441529aded2f213a10002cc4523f328c"
            },
            "dist": {
                "type": "zip",
                "url": "https://api.github.com/repos/zendframework/Component_ZendServiceManager/zipball/064bb1d0441529aded2f213a10002cc4523f328c",
                "reference": "064bb1d0441529aded2f213a10002cc4523f328c",
                "shasum": ""
            },
            "require": {
                "php": ">=5.3.3"
            },
            "suggest": {
                "zendframework/zend-di": "Zend\\Di component"
            },
            "type": "library",
            "extra": {
                "branch-alias": {
                    "dev-master": "2.2-dev",
                    "dev-develop": "2.3-dev"
                }
            },
            "autoload": {
                "psr-0": {
                    "Zend\\ServiceManager\\": ""
                }
            },
            "notification-url": "https://packagist.org/downloads/",
            "license": [
                "BSD-3-Clause"
            ],
            "keywords": [
                "servicemanager",
                "zf2"
            ],
            "time": "2013-10-23 20:00:05"
        },
        {
            "name": "zendframework/zend-stdlib",
            "version": "2.2.5",
            "target-dir": "Zend/Stdlib",
            "source": {
                "type": "git",
                "url": "https://github.com/zendframework/Component_ZendStdlib.git",
                "reference": "f440ecfc828d61d620662a03987c8287e1e4801e"
            },
            "dist": {
                "type": "zip",
                "url": "https://api.github.com/repos/zendframework/Component_ZendStdlib/zipball/f440ecfc828d61d620662a03987c8287e1e4801e",
                "reference": "f440ecfc828d61d620662a03987c8287e1e4801e",
                "shasum": ""
            },
            "require": {
                "php": ">=5.3.3"
            },
            "suggest": {
                "zendframework/zend-eventmanager": "To support aggregate hydrator usage",
                "zendframework/zend-servicemanager": "To support hydrator plugin manager usage"
            },
            "type": "library",
            "extra": {
                "branch-alias": {
                    "dev-master": "2.2-dev",
                    "dev-develop": "2.3-dev"
                }
            },
            "autoload": {
                "psr-0": {
                    "Zend\\Stdlib\\": ""
                }
            },
            "notification-url": "https://packagist.org/downloads/",
            "license": [
                "BSD-3-Clause"
            ],
            "keywords": [
                "stdlib",
                "zf2"
            ],
            "time": "2013-10-20 06:00:20"
        }
    ],
    "packages-dev": [
        {
            "name": "mockery/mockery",
            "version": "dev-master",
            "source": {
                "type": "git",
                "url": "https://github.com/padraic/mockery.git",
                "reference": "619f304b0ebc52489f11b47e88c3c17f95bf9958"
            },
            "dist": {
                "type": "zip",
                "url": "https://api.github.com/repos/padraic/mockery/zipball/619f304b0ebc52489f11b47e88c3c17f95bf9958",
                "reference": "619f304b0ebc52489f11b47e88c3c17f95bf9958",
                "shasum": ""
            },
            "require": {
                "lib-pcre": ">=7.0",
                "php": ">=5.3.2"
            },
            "require-dev": {
                "hamcrest/hamcrest-php": "~1.1",
                "phpunit/phpunit": "4.0.*",
                "satooshi/php-coveralls": "dev-master"
            },
            "type": "library",
            "extra": {
                "branch-alias": {
                    "dev-master": "0.9.x-dev"
                }
            },
            "autoload": {
                "psr-0": {
                    "Mockery": "library/"
                }
            },
            "notification-url": "https://packagist.org/downloads/",
            "license": [
                "BSD-3-Clause"
            ],
            "authors": [
                {
                    "name": "Pádraic Brady",
                    "email": "padraic.brady@gmail.com",
                    "homepage": "http://blog.astrumfutura.com"
                },
                {
                    "name": "Dave Marshall",
                    "email": "dave.marshall@atstsolutions.co.uk",
                    "homepage": "http://davedevelopment.co.uk"
                }
            ],
            "description": "Mockery is a simple yet flexible PHP mock object framework for use in unit testing with PHPUnit, PHPSpec or any other testing framework. Its core goal is to offer a test double framework with a succint API capable of clearly defining all possible object operations and interactions using a human readable Domain Specific Language (DSL). Designed as a drop in alternative to PHPUnit's phpunit-mock-objects library, Mockery is easy to integrate with PHPUnit and can operate alongside phpunit-mock-objects without the World ending.",
            "homepage": "http://github.com/padraic/mockery",
            "keywords": [
                "BDD",
                "TDD",
                "library",
                "mock",
                "mock objects",
                "mockery",
                "stub",
                "test",
                "test double",
                "testing"
            ],
            "time": "2014-02-17 21:56:53"
        }
    ],
    "aliases": [

    ],
    "minimum-stability": "stable",
    "stability-flags": {
        "mockery/mockery": 20
    },
    "platform": [

    ],
    "platform-dev": [

    ]
}
